{
  "version": 4,
  "terraform_version": "0.12.24",
  "serial": 22,
  "lineage": "d8e6e373-5e8e-4ab6-4adc-52a581d5974d",
  "outputs": {
    "kubeone_api": {
      "value": {
        "endpoint": "udagram-api-lb-421930493.us-east-1.elb.amazonaws.com"
      },
      "type": [
        "object",
        {
          "endpoint": "string"
        }
      ]
    },
    "kubeone_hosts": {
      "value": {
        "control_plane": {
          "bastion": "3.86.48.18",
          "bastion_port": 22,
          "bastion_user": "ubuntu",
          "cloud_provider": "aws",
          "cluster_name": "udagram",
          "hostnames": [
            "ip-172-31-111-31.ec2.internal",
            "ip-172-31-112-35.ec2.internal",
            "ip-172-31-113-167.ec2.internal"
          ],
          "private_address": [
            "172.31.111.31",
            "172.31.112.35",
            "172.31.113.167"
          ],
          "ssh_agent_socket": "env:SSH_AUTH_SOCK",
          "ssh_port": 22,
          "ssh_private_key_file": "",
          "ssh_user": "ubuntu"
        }
      },
      "type": [
        "object",
        {
          "control_plane": [
            "object",
            {
              "bastion": "string",
              "bastion_port": "number",
              "bastion_user": "string",
              "cloud_provider": "string",
              "cluster_name": "string",
              "hostnames": [
                "tuple",
                [
                  "string",
                  "string",
                  "string"
                ]
              ],
              "private_address": [
                "tuple",
                [
                  "string",
                  "string",
                  "string"
                ]
              ],
              "ssh_agent_socket": "string",
              "ssh_port": "number",
              "ssh_private_key_file": "string",
              "ssh_user": "string"
            }
          ]
        }
      ]
    },
    "kubeone_workers": {
      "value": {
        "udagram-us-east-1a": {
          "providerSpec": {
            "cloudProviderSpec": {
              "ami": "ami-0a4f4704a9146742a",
              "assignPublicIP": true,
              "availabilityZone": "us-east-1a",
              "diskIops": 500,
              "diskSize": 50,
              "diskType": "gp2",
              "ebsVolumeEncrypted": false,
              "instanceProfile": "udagram-host",
              "instanceType": "t3.medium",
              "isSpotInstance": false,
              "region": "us-east-1",
              "securityGroupIDs": [
                "sg-0cb45ce5613387213"
              ],
              "subnetId": "subnet-0b3ea70a754fabca7",
              "tags": {
                "udagram-workers": ""
              },
              "vpcId": "vpc-f7090d8d"
            },
            "operatingSystem": "ubuntu",
            "operatingSystemSpec": {
              "distUpgradeOnBoot": false
            },
            "sshPublicKeys": [
              "ssh-rsa AAAAB3NzaC1yc2EAAAADAQABAAABAQDA7kkuSHgZaH+cfqwx5qL8+Q+jHvZfweqgLFAw8nYjsWsMMoppqbPC3plEDtsA8snDFrfA3x7FlWPdLk5zJPguA5uLFGFi0c/QF8W/4a6rzaKGdUdFFPaGLpc31MHp2R5qyGigZY6d77QrJmJXDquHOB7lOoGtSRqQWQLzRBBX3TmVxnKv/TTPKD8Q1SIMAW8co/0AcOlAYlQpzQGXnCYhFfCXa+bb2to51PLKkOTOFhH/q9Q43/RNHmPr50XkU/CmhYQtPW1aYqd9gWRiDtI/ynfUW4tTaIXV7snTELHGlspC4WKCyZ3UiU83AGZpFV2e7cQfago7NWKnPm7WKs9t smo@smo-mac"
            ]
          },
          "replicas": 1
        },
        "udagram-us-east-1b": {
          "providerSpec": {
            "cloudProviderSpec": {
              "ami": "ami-0a4f4704a9146742a",
              "assignPublicIP": true,
              "availabilityZone": "us-east-1b",
              "diskIops": 500,
              "diskSize": 50,
              "diskType": "gp2",
              "ebsVolumeEncrypted": false,
              "instanceProfile": "udagram-host",
              "instanceType": "t3.medium",
              "isSpotInstance": false,
              "region": "us-east-1",
              "securityGroupIDs": [
                "sg-0cb45ce5613387213"
              ],
              "subnetId": "subnet-034f15a9e4369d10c",
              "tags": {
                "udagram-workers": ""
              },
              "vpcId": "vpc-f7090d8d"
            },
            "operatingSystem": "ubuntu",
            "operatingSystemSpec": {
              "distUpgradeOnBoot": false
            },
            "sshPublicKeys": [
              "ssh-rsa AAAAB3NzaC1yc2EAAAADAQABAAABAQDA7kkuSHgZaH+cfqwx5qL8+Q+jHvZfweqgLFAw8nYjsWsMMoppqbPC3plEDtsA8snDFrfA3x7FlWPdLk5zJPguA5uLFGFi0c/QF8W/4a6rzaKGdUdFFPaGLpc31MHp2R5qyGigZY6d77QrJmJXDquHOB7lOoGtSRqQWQLzRBBX3TmVxnKv/TTPKD8Q1SIMAW8co/0AcOlAYlQpzQGXnCYhFfCXa+bb2to51PLKkOTOFhH/q9Q43/RNHmPr50XkU/CmhYQtPW1aYqd9gWRiDtI/ynfUW4tTaIXV7snTELHGlspC4WKCyZ3UiU83AGZpFV2e7cQfago7NWKnPm7WKs9t smo@smo-mac"
            ]
          },
          "replicas": 1
        },
        "udagram-us-east-1c": {
          "providerSpec": {
            "cloudProviderSpec": {
              "ami": "ami-0a4f4704a9146742a",
              "assignPublicIP": true,
              "availabilityZone": "us-east-1c",
              "diskIops": 500,
              "diskSize": 50,
              "diskType": "gp2",
              "ebsVolumeEncrypted": false,
              "instanceProfile": "udagram-host",
              "instanceType": "t3.medium",
              "isSpotInstance": false,
              "region": "us-east-1",
              "securityGroupIDs": [
                "sg-0cb45ce5613387213"
              ],
              "subnetId": "subnet-0756aa40deb0a89ab",
              "tags": {
                "udagram-workers": ""
              },
              "vpcId": "vpc-f7090d8d"
            },
            "operatingSystem": "ubuntu",
            "operatingSystemSpec": {
              "distUpgradeOnBoot": false
            },
            "sshPublicKeys": [
              "ssh-rsa AAAAB3NzaC1yc2EAAAADAQABAAABAQDA7kkuSHgZaH+cfqwx5qL8+Q+jHvZfweqgLFAw8nYjsWsMMoppqbPC3plEDtsA8snDFrfA3x7FlWPdLk5zJPguA5uLFGFi0c/QF8W/4a6rzaKGdUdFFPaGLpc31MHp2R5qyGigZY6d77QrJmJXDquHOB7lOoGtSRqQWQLzRBBX3TmVxnKv/TTPKD8Q1SIMAW8co/0AcOlAYlQpzQGXnCYhFfCXa+bb2to51PLKkOTOFhH/q9Q43/RNHmPr50XkU/CmhYQtPW1aYqd9gWRiDtI/ynfUW4tTaIXV7snTELHGlspC4WKCyZ3UiU83AGZpFV2e7cQfago7NWKnPm7WKs9t smo@smo-mac"
            ]
          },
          "replicas": 1
        }
      },
      "type": [
        "object",
        {
          "udagram-us-east-1a": [
            "object",
            {
              "providerSpec": [
                "object",
                {
                  "cloudProviderSpec": [
                    "object",
                    {
                      "ami": "string",
                      "assignPublicIP": "bool",
                      "availabilityZone": "string",
                      "diskIops": "number",
                      "diskSize": "number",
                      "diskType": "string",
                      "ebsVolumeEncrypted": "bool",
                      "instanceProfile": "string",
                      "instanceType": "string",
                      "isSpotInstance": "bool",
                      "region": "string",
                      "securityGroupIDs": [
                        "tuple",
                        [
                          "string"
                        ]
                      ],
                      "subnetId": "string",
                      "tags": [
                        "object",
                        {
                          "udagram-workers": "string"
                        }
                      ],
                      "vpcId": "string"
                    }
                  ],
                  "operatingSystem": "string",
                  "operatingSystemSpec": [
                    "object",
                    {
                      "distUpgradeOnBoot": "bool"
                    }
                  ],
                  "sshPublicKeys": [
                    "tuple",
                    [
                      "string"
                    ]
                  ]
                }
              ],
              "replicas": "number"
            }
          ],
          "udagram-us-east-1b": [
            "object",
            {
              "providerSpec": [
                "object",
                {
                  "cloudProviderSpec": [
                    "object",
                    {
                      "ami": "string",
                      "assignPublicIP": "bool",
                      "availabilityZone": "string",
                      "diskIops": "number",
                      "diskSize": "number",
                      "diskType": "string",
                      "ebsVolumeEncrypted": "bool",
                      "instanceProfile": "string",
                      "instanceType": "string",
                      "isSpotInstance": "bool",
                      "region": "string",
                      "securityGroupIDs": [
                        "tuple",
                        [
                          "string"
                        ]
                      ],
                      "subnetId": "string",
                      "tags": [
                        "object",
                        {
                          "udagram-workers": "string"
                        }
                      ],
                      "vpcId": "string"
                    }
                  ],
                  "operatingSystem": "string",
                  "operatingSystemSpec": [
                    "object",
                    {
                      "distUpgradeOnBoot": "bool"
                    }
                  ],
                  "sshPublicKeys": [
                    "tuple",
                    [
                      "string"
                    ]
                  ]
                }
              ],
              "replicas": "number"
            }
          ],
          "udagram-us-east-1c": [
            "object",
            {
              "providerSpec": [
                "object",
                {
                  "cloudProviderSpec": [
                    "object",
                    {
                      "ami": "string",
                      "assignPublicIP": "bool",
                      "availabilityZone": "string",
                      "diskIops": "number",
                      "diskSize": "number",
                      "diskType": "string",
                      "ebsVolumeEncrypted": "bool",
                      "instanceProfile": "string",
                      "instanceType": "string",
                      "isSpotInstance": "bool",
                      "region": "string",
                      "securityGroupIDs": [
                        "tuple",
                        [
                          "string"
                        ]
                      ],
                      "subnetId": "string",
                      "tags": [
                        "object",
                        {
                          "udagram-workers": "string"
                        }
                      ],
                      "vpcId": "string"
                    }
                  ],
                  "operatingSystem": "string",
                  "operatingSystemSpec": [
                    "object",
                    {
                      "distUpgradeOnBoot": "bool"
                    }
                  ],
                  "sshPublicKeys": [
                    "tuple",
                    [
                      "string"
                    ]
                  ]
                }
              ],
              "replicas": "number"
            }
          ]
        }
      ]
    }
  },
  "resources": [
    {
      "mode": "data",
      "type": "aws_ami",
      "name": "ubuntu",
      "provider": "provider.aws",
      "instances": [
        {
          "schema_version": 0,
          "attributes": {
            "architecture": "x86_64",
            "block_device_mappings": [
              {
                "device_name": "/dev/sda1",
                "ebs": {
                  "delete_on_termination": "true",
                  "encrypted": "false",
                  "iops": "0",
                  "snapshot_id": "snap-0ebfa013ecb25344d",
                  "volume_size": "8",
                  "volume_type": "gp2"
                },
                "no_device": "",
                "virtual_name": ""
              },
              {
                "device_name": "/dev/sdb",
                "ebs": {},
                "no_device": "",
                "virtual_name": "ephemeral0"
              },
              {
                "device_name": "/dev/sdc",
                "ebs": {},
                "no_device": "",
                "virtual_name": "ephemeral1"
              }
            ],
            "creation_date": "2020-03-24T20:56:16.000Z",
            "description": "Canonical, Ubuntu, 18.04 LTS, amd64 bionic image build on 2020-03-23",
            "executable_users": null,
            "filter": [
              {
                "name": "name",
                "values": [
                  "ubuntu/images/hvm-ssd/ubuntu-bionic-18.04-amd64-server-*"
                ]
              },
              {
                "name": "virtualization-type",
                "values": [
                  "hvm"
                ]
              }
            ],
            "hypervisor": "xen",
            "id": "ami-0a4f4704a9146742a",
            "image_id": "ami-0a4f4704a9146742a",
            "image_location": "099720109477/ubuntu/images/hvm-ssd/ubuntu-bionic-18.04-amd64-server-20200323",
            "image_owner_alias": null,
            "image_type": "machine",
            "kernel_id": null,
            "most_recent": true,
            "name": "ubuntu/images/hvm-ssd/ubuntu-bionic-18.04-amd64-server-20200323",
            "name_regex": null,
            "owner_id": "099720109477",
            "owners": [
              "099720109477"
            ],
            "platform": null,
            "product_codes": [],
            "public": true,
            "ramdisk_id": null,
            "root_device_name": "/dev/sda1",
            "root_device_type": "ebs",
            "root_snapshot_id": "snap-0ebfa013ecb25344d",
            "sriov_net_support": "simple",
            "state": "available",
            "state_reason": {
              "code": "UNSET",
              "message": "UNSET"
            },
            "tags": {},
            "virtualization_type": "hvm"
          }
        }
      ]
    },
    {
      "mode": "data",
      "type": "aws_availability_zones",
      "name": "available",
      "provider": "provider.aws",
      "instances": [
        {
          "schema_version": 0,
          "attributes": {
            "all_availability_zones": null,
            "blacklisted_names": null,
            "blacklisted_zone_ids": null,
            "filter": null,
            "group_names": [
              "us-east-1"
            ],
            "id": "2020-04-09 11:55:49.26299 +0000 UTC",
            "names": [
              "us-east-1a",
              "us-east-1b",
              "us-east-1c",
              "us-east-1d",
              "us-east-1e",
              "us-east-1f"
            ],
            "state": "available",
            "zone_ids": [
              "use1-az6",
              "use1-az1",
              "use1-az2",
              "use1-az4",
              "use1-az3",
              "use1-az5"
            ]
          }
        }
      ]
    },
    {
      "mode": "data",
      "type": "aws_internet_gateway",
      "name": "default",
      "provider": "provider.aws",
      "instances": [
        {
          "schema_version": 0,
          "attributes": {
            "attachments": [
              {
                "state": "available",
                "vpc_id": "vpc-f7090d8d"
              }
            ],
            "filter": [
              {
                "name": "attachment.vpc-id",
                "values": [
                  "vpc-f7090d8d"
                ]
              }
            ],
            "id": "igw-110b606a",
            "internet_gateway_id": "igw-110b606a",
            "owner_id": "218602648060",
            "tags": {}
          }
        }
      ]
    },
    {
      "mode": "data",
      "type": "aws_vpc",
      "name": "selected",
      "provider": "provider.aws",
      "instances": [
        {
          "schema_version": 0,
          "attributes": {
            "arn": "arn:aws:ec2:us-east-1:218602648060:vpc/vpc-f7090d8d",
            "cidr_block": "172.31.0.0/16",
            "cidr_block_associations": [
              {
                "association_id": "vpc-cidr-assoc-136a7b7f",
                "cidr_block": "172.31.0.0/16",
                "state": "associated"
              }
            ],
            "default": true,
            "dhcp_options_id": "dopt-fec76684",
            "enable_dns_hostnames": true,
            "enable_dns_support": true,
            "filter": null,
            "id": "vpc-f7090d8d",
            "instance_tenancy": "default",
            "ipv6_association_id": null,
            "ipv6_cidr_block": null,
            "main_route_table_id": "rtb-8ffa79f1",
            "owner_id": "218602648060",
            "state": "available",
            "tags": {}
          }
        }
      ]
    },
    {
      "mode": "managed",
      "type": "aws_default_vpc",
      "name": "default",
      "provider": "provider.aws",
      "instances": [
        {
          "schema_version": 1,
          "attributes": {
            "arn": "arn:aws:ec2:us-east-1:218602648060:vpc/vpc-f7090d8d",
            "assign_generated_ipv6_cidr_block": false,
            "cidr_block": "172.31.0.0/16",
            "default_network_acl_id": "acl-09640b74",
            "default_route_table_id": "rtb-8ffa79f1",
            "default_security_group_id": "sg-afdb3180",
            "dhcp_options_id": "dopt-fec76684",
            "enable_classiclink": false,
            "enable_classiclink_dns_support": false,
            "enable_dns_hostnames": true,
            "enable_dns_support": true,
            "id": "vpc-f7090d8d",
            "instance_tenancy": "default",
            "ipv6_association_id": "",
            "ipv6_cidr_block": "",
            "main_route_table_id": "rtb-8ffa79f1",
            "owner_id": "218602648060",
            "tags": null
          },
          "private": "eyJzY2hlbWFfdmVyc2lvbiI6IjEifQ=="
        }
      ]
    },
    {
      "mode": "managed",
      "type": "aws_elb",
      "name": "control_plane",
      "provider": "provider.aws",
      "instances": [
        {
          "schema_version": 0,
          "attributes": {
            "access_logs": [],
            "arn": "arn:aws:elasticloadbalancing:us-east-1:218602648060:loadbalancer/udagram-api-lb",
            "availability_zones": [
              "us-east-1a",
              "us-east-1b",
              "us-east-1c"
            ],
            "connection_draining": false,
            "connection_draining_timeout": 300,
            "cross_zone_load_balancing": true,
            "dns_name": "udagram-api-lb-421930493.us-east-1.elb.amazonaws.com",
            "health_check": [
              {
                "healthy_threshold": 2,
                "interval": 30,
                "target": "HTTPS:6443/healthz",
                "timeout": 3,
                "unhealthy_threshold": 2
              }
            ],
            "id": "udagram-api-lb",
            "idle_timeout": 600,
            "instances": [
              "i-053ca5c831fe3a650",
              "i-078a7d96776536f2a",
              "i-0c33d82a0ff52214d"
            ],
            "internal": false,
            "listener": [
              {
                "instance_port": 6443,
                "instance_protocol": "tcp",
                "lb_port": 6443,
                "lb_protocol": "tcp",
                "ssl_certificate_id": ""
              }
            ],
            "name": "udagram-api-lb",
            "name_prefix": null,
            "security_groups": [
              "sg-0240f0e7b952a4d36",
              "sg-0cb45ce5613387213"
            ],
            "source_security_group": "218602648060/udagram-common",
            "source_security_group_id": "sg-0cb45ce5613387213",
            "subnets": [
              "subnet-034f15a9e4369d10c",
              "subnet-0756aa40deb0a89ab",
              "subnet-0b3ea70a754fabca7"
            ],
            "tags": {
              "Cluster": "udagram",
              "kubernetes.io/cluster/udagram": "shared"
            },
            "zone_id": "Z35SXDOTRQ7X7K"
          },
          "private": "bnVsbA==",
          "dependencies": [
            "aws_default_vpc.default",
            "aws_iam_instance_profile.profile",
            "aws_iam_role.role",
            "aws_instance.control_plane",
            "aws_key_pair.deployer",
            "aws_security_group.common",
            "aws_security_group.elb",
            "aws_subnet.public",
            "random_integer.cidr_block"
          ]
        }
      ]
    },
    {
      "mode": "managed",
      "type": "aws_iam_instance_profile",
      "name": "profile",
      "provider": "provider.aws",
      "instances": [
        {
          "schema_version": 0,
          "attributes": {
            "arn": "arn:aws:iam::218602648060:instance-profile/udagram-host",
            "create_date": "2020-04-09T11:56:33Z",
            "id": "udagram-host",
            "name": "udagram-host",
            "name_prefix": null,
            "path": "/",
            "role": "udagram-host",
            "roles": [],
            "unique_id": "AIPATFZN3WH6E2TNEFZEN"
          },
          "private": "bnVsbA==",
          "dependencies": [
            "aws_iam_role.role"
          ]
        }
      ]
    },
    {
      "mode": "managed",
      "type": "aws_iam_role",
      "name": "role",
      "provider": "provider.aws",
      "instances": [
        {
          "schema_version": 0,
          "attributes": {
            "arn": "arn:aws:iam::218602648060:role/udagram-host",
            "assume_role_policy": "{\"Version\":\"2012-10-17\",\"Statement\":[{\"Effect\":\"Allow\",\"Principal\":{\"Service\":\"ec2.amazonaws.com\"},\"Action\":\"sts:AssumeRole\"}]}",
            "create_date": "2020-04-09T11:56:23Z",
            "description": "",
            "force_detach_policies": false,
            "id": "udagram-host",
            "max_session_duration": 3600,
            "name": "udagram-host",
            "name_prefix": null,
            "path": "/",
            "permissions_boundary": null,
            "tags": null,
            "unique_id": "AROATFZN3WH6LIX5DK5SJ"
          },
          "private": "bnVsbA=="
        }
      ]
    },
    {
      "mode": "managed",
      "type": "aws_iam_role_policy",
      "name": "policy",
      "provider": "provider.aws",
      "instances": [
        {
          "schema_version": 0,
          "attributes": {
            "id": "udagram-host:udagram-host",
            "name": "udagram-host",
            "name_prefix": null,
            "policy": "{\"Statement\":[{\"Action\":[\"ec2:*\"],\"Effect\":\"Allow\",\"Resource\":[\"*\"]},{\"Action\":[\"elasticloadbalancing:*\"],\"Effect\":\"Allow\",\"Resource\":[\"*\"]}],\"Version\":\"2012-10-17\"}",
            "role": "udagram-host"
          },
          "private": "bnVsbA==",
          "dependencies": [
            "aws_iam_role.role"
          ]
        }
      ]
    },
    {
      "mode": "managed",
      "type": "aws_instance",
      "name": "bastion",
      "provider": "provider.aws",
      "instances": [
        {
          "schema_version": 1,
          "attributes": {
            "ami": "ami-0a4f4704a9146742a",
            "arn": "arn:aws:ec2:us-east-1:218602648060:instance/i-02b987b23da97bd4d",
            "associate_public_ip_address": true,
            "availability_zone": "us-east-1a",
            "cpu_core_count": 1,
            "cpu_threads_per_core": 2,
            "credit_specification": [
              {
                "cpu_credits": "unlimited"
              }
            ],
            "disable_api_termination": false,
            "ebs_block_device": [],
            "ebs_optimized": false,
            "ephemeral_block_device": [],
            "get_password_data": false,
            "hibernation": false,
            "host_id": null,
            "iam_instance_profile": "",
            "id": "i-02b987b23da97bd4d",
            "instance_initiated_shutdown_behavior": null,
            "instance_state": "running",
            "instance_type": "t3.nano",
            "ipv6_address_count": 0,
            "ipv6_addresses": [],
            "key_name": "udagram-deployer-key",
            "metadata_options": [
              {
                "http_endpoint": "enabled",
                "http_put_response_hop_limit": 1,
                "http_tokens": "optional"
              }
            ],
            "monitoring": false,
            "network_interface": [],
            "network_interface_id": null,
            "password_data": "",
            "placement_group": "",
            "primary_network_interface_id": "eni-0405917188d65c252",
            "private_dns": "ip-172-31-111-230.ec2.internal",
            "private_ip": "172.31.111.230",
            "public_dns": "ec2-3-86-48-18.compute-1.amazonaws.com",
            "public_ip": "3.86.48.18",
            "root_block_device": [
              {
                "delete_on_termination": true,
                "encrypted": false,
                "iops": 300,
                "kms_key_id": "",
                "volume_id": "vol-0acddb92ff895641c",
                "volume_size": 100,
                "volume_type": "gp2"
              }
            ],
            "security_groups": [
              "udagram-common",
              "udagram-ssh"
            ],
            "source_dest_check": true,
            "subnet_id": "subnet-0b3ea70a754fabca7",
            "tags": {
              "Cluster": "udagram",
              "Name": "udagram-bastion",
              "kubernetes.io/cluster/udagram": "shared"
            },
            "tenancy": "default",
            "timeouts": null,
            "user_data": null,
            "user_data_base64": null,
            "volume_tags": {},
            "vpc_security_group_ids": [
              "sg-0841f02f5db3cf9a7",
              "sg-0cb45ce5613387213"
            ]
          },
          "private": "eyJlMmJmYjczMC1lY2FhLTExZTYtOGY4OC0zNDM2M2JjN2M0YzAiOnsiY3JlYXRlIjo2MDAwMDAwMDAwMDAsImRlbGV0ZSI6MTIwMDAwMDAwMDAwMCwidXBkYXRlIjo2MDAwMDAwMDAwMDB9LCJzY2hlbWFfdmVyc2lvbiI6IjEifQ==",
          "dependencies": [
            "aws_default_vpc.default",
            "aws_key_pair.deployer",
            "aws_security_group.common",
            "aws_security_group.ssh",
            "aws_subnet.public",
            "random_integer.cidr_block"
          ]
        }
      ]
    },
    {
      "mode": "managed",
      "type": "aws_instance",
      "name": "control_plane",
      "each": "list",
      "provider": "provider.aws",
      "instances": [
        {
          "index_key": 0,
          "schema_version": 1,
          "attributes": {
            "ami": "ami-0a4f4704a9146742a",
            "arn": "arn:aws:ec2:us-east-1:218602648060:instance/i-0c33d82a0ff52214d",
            "associate_public_ip_address": true,
            "availability_zone": "us-east-1a",
            "cpu_core_count": 1,
            "cpu_threads_per_core": 2,
            "credit_specification": [
              {
                "cpu_credits": "unlimited"
              }
            ],
            "disable_api_termination": false,
            "ebs_block_device": [],
            "ebs_optimized": true,
            "ephemeral_block_device": [],
            "get_password_data": false,
            "hibernation": false,
            "host_id": null,
            "iam_instance_profile": "udagram-host",
            "id": "i-0c33d82a0ff52214d",
            "instance_initiated_shutdown_behavior": null,
            "instance_state": "running",
            "instance_type": "t3.medium",
            "ipv6_address_count": 0,
            "ipv6_addresses": [],
            "key_name": "udagram-deployer-key",
            "metadata_options": [
              {
                "http_endpoint": "enabled",
                "http_put_response_hop_limit": 1,
                "http_tokens": "optional"
              }
            ],
            "monitoring": false,
            "network_interface": [],
            "network_interface_id": null,
            "password_data": "",
            "placement_group": "",
            "primary_network_interface_id": "eni-09cbf3f9e13bed164",
            "private_dns": "ip-172-31-111-31.ec2.internal",
            "private_ip": "172.31.111.31",
            "public_dns": "ec2-3-84-142-203.compute-1.amazonaws.com",
            "public_ip": "3.84.142.203",
            "root_block_device": [
              {
                "delete_on_termination": true,
                "encrypted": false,
                "iops": 300,
                "kms_key_id": "",
                "volume_id": "vol-008a7457710bab897",
                "volume_size": 100,
                "volume_type": "gp2"
              }
            ],
            "security_groups": [
              "udagram-common"
            ],
            "source_dest_check": true,
            "subnet_id": "subnet-0b3ea70a754fabca7",
            "tags": {
              "Name": "udagram-cp-1",
              "kubernetes.io/cluster/udagram": "shared"
            },
            "tenancy": "default",
            "timeouts": null,
            "user_data": null,
            "user_data_base64": null,
            "volume_tags": {},
            "vpc_security_group_ids": [
              "sg-0cb45ce5613387213"
            ]
          },
          "private": "eyJlMmJmYjczMC1lY2FhLTExZTYtOGY4OC0zNDM2M2JjN2M0YzAiOnsiY3JlYXRlIjo2MDAwMDAwMDAwMDAsImRlbGV0ZSI6MTIwMDAwMDAwMDAwMCwidXBkYXRlIjo2MDAwMDAwMDAwMDB9LCJzY2hlbWFfdmVyc2lvbiI6IjEifQ==",
          "dependencies": [
            "aws_default_vpc.default",
            "aws_iam_instance_profile.profile",
            "aws_iam_role.role",
            "aws_key_pair.deployer",
            "aws_security_group.common",
            "aws_subnet.public",
            "random_integer.cidr_block"
          ]
        },
        {
          "index_key": 1,
          "schema_version": 1,
          "attributes": {
            "ami": "ami-0a4f4704a9146742a",
            "arn": "arn:aws:ec2:us-east-1:218602648060:instance/i-078a7d96776536f2a",
            "associate_public_ip_address": true,
            "availability_zone": "us-east-1b",
            "cpu_core_count": 1,
            "cpu_threads_per_core": 2,
            "credit_specification": [
              {
                "cpu_credits": "unlimited"
              }
            ],
            "disable_api_termination": false,
            "ebs_block_device": [],
            "ebs_optimized": true,
            "ephemeral_block_device": [],
            "get_password_data": false,
            "hibernation": false,
            "host_id": null,
            "iam_instance_profile": "udagram-host",
            "id": "i-078a7d96776536f2a",
            "instance_initiated_shutdown_behavior": null,
            "instance_state": "running",
            "instance_type": "t3.medium",
            "ipv6_address_count": 0,
            "ipv6_addresses": [],
            "key_name": "udagram-deployer-key",
            "metadata_options": [
              {
                "http_endpoint": "enabled",
                "http_put_response_hop_limit": 1,
                "http_tokens": "optional"
              }
            ],
            "monitoring": false,
            "network_interface": [],
            "network_interface_id": null,
            "password_data": "",
            "placement_group": "",
            "primary_network_interface_id": "eni-0623bc19a7c208a24",
            "private_dns": "ip-172-31-112-35.ec2.internal",
            "private_ip": "172.31.112.35",
            "public_dns": "ec2-3-235-105-249.compute-1.amazonaws.com",
            "public_ip": "3.235.105.249",
            "root_block_device": [
              {
                "delete_on_termination": true,
                "encrypted": false,
                "iops": 300,
                "kms_key_id": "",
                "volume_id": "vol-006da4aae7f066cb8",
                "volume_size": 100,
                "volume_type": "gp2"
              }
            ],
            "security_groups": [
              "udagram-common"
            ],
            "source_dest_check": true,
            "subnet_id": "subnet-034f15a9e4369d10c",
            "tags": {
              "Name": "udagram-cp-2",
              "kubernetes.io/cluster/udagram": "shared"
            },
            "tenancy": "default",
            "timeouts": null,
            "user_data": null,
            "user_data_base64": null,
            "volume_tags": {},
            "vpc_security_group_ids": [
              "sg-0cb45ce5613387213"
            ]
          },
          "private": "eyJlMmJmYjczMC1lY2FhLTExZTYtOGY4OC0zNDM2M2JjN2M0YzAiOnsiY3JlYXRlIjo2MDAwMDAwMDAwMDAsImRlbGV0ZSI6MTIwMDAwMDAwMDAwMCwidXBkYXRlIjo2MDAwMDAwMDAwMDB9LCJzY2hlbWFfdmVyc2lvbiI6IjEifQ==",
          "dependencies": [
            "aws_default_vpc.default",
            "aws_iam_instance_profile.profile",
            "aws_iam_role.role",
            "aws_key_pair.deployer",
            "aws_security_group.common",
            "aws_subnet.public",
            "random_integer.cidr_block"
          ]
        },
        {
          "index_key": 2,
          "schema_version": 1,
          "attributes": {
            "ami": "ami-0a4f4704a9146742a",
            "arn": "arn:aws:ec2:us-east-1:218602648060:instance/i-053ca5c831fe3a650",
            "associate_public_ip_address": true,
            "availability_zone": "us-east-1c",
            "cpu_core_count": 1,
            "cpu_threads_per_core": 2,
            "credit_specification": [
              {
                "cpu_credits": "unlimited"
              }
            ],
            "disable_api_termination": false,
            "ebs_block_device": [],
            "ebs_optimized": true,
            "ephemeral_block_device": [],
            "get_password_data": false,
            "hibernation": false,
            "host_id": null,
            "iam_instance_profile": "udagram-host",
            "id": "i-053ca5c831fe3a650",
            "instance_initiated_shutdown_behavior": null,
            "instance_state": "running",
            "instance_type": "t3.medium",
            "ipv6_address_count": 0,
            "ipv6_addresses": [],
            "key_name": "udagram-deployer-key",
            "metadata_options": [
              {
                "http_endpoint": "enabled",
                "http_put_response_hop_limit": 1,
                "http_tokens": "optional"
              }
            ],
            "monitoring": false,
            "network_interface": [],
            "network_interface_id": null,
            "password_data": "",
            "placement_group": "",
            "primary_network_interface_id": "eni-0085032b5cf911daa",
            "private_dns": "ip-172-31-113-167.ec2.internal",
            "private_ip": "172.31.113.167",
            "public_dns": "ec2-3-83-193-205.compute-1.amazonaws.com",
            "public_ip": "3.83.193.205",
            "root_block_device": [
              {
                "delete_on_termination": true,
                "encrypted": false,
                "iops": 300,
                "kms_key_id": "",
                "volume_id": "vol-0a130c16a33e2eec2",
                "volume_size": 100,
                "volume_type": "gp2"
              }
            ],
            "security_groups": [
              "udagram-common"
            ],
            "source_dest_check": true,
            "subnet_id": "subnet-0756aa40deb0a89ab",
            "tags": {
              "Name": "udagram-cp-3",
              "kubernetes.io/cluster/udagram": "shared"
            },
            "tenancy": "default",
            "timeouts": null,
            "user_data": null,
            "user_data_base64": null,
            "volume_tags": {},
            "vpc_security_group_ids": [
              "sg-0cb45ce5613387213"
            ]
          },
          "private": "eyJlMmJmYjczMC1lY2FhLTExZTYtOGY4OC0zNDM2M2JjN2M0YzAiOnsiY3JlYXRlIjo2MDAwMDAwMDAwMDAsImRlbGV0ZSI6MTIwMDAwMDAwMDAwMCwidXBkYXRlIjo2MDAwMDAwMDAwMDB9LCJzY2hlbWFfdmVyc2lvbiI6IjEifQ==",
          "dependencies": [
            "aws_default_vpc.default",
            "aws_iam_instance_profile.profile",
            "aws_iam_role.role",
            "aws_key_pair.deployer",
            "aws_security_group.common",
            "aws_subnet.public",
            "random_integer.cidr_block"
          ]
        }
      ]
    },
    {
      "mode": "managed",
      "type": "aws_key_pair",
      "name": "deployer",
      "provider": "provider.aws",
      "instances": [
        {
          "schema_version": 1,
          "attributes": {
            "fingerprint": "f7:8a:cc:a9:e1:f0:41:a1:b2:ce:29:c6:51:f9:b6:13",
            "id": "udagram-deployer-key",
            "key_name": "udagram-deployer-key",
            "key_name_prefix": null,
            "key_pair_id": "key-02f6fdf8e44b7fedd",
            "public_key": "ssh-rsa AAAAB3NzaC1yc2EAAAADAQABAAABAQDA7kkuSHgZaH+cfqwx5qL8+Q+jHvZfweqgLFAw8nYjsWsMMoppqbPC3plEDtsA8snDFrfA3x7FlWPdLk5zJPguA5uLFGFi0c/QF8W/4a6rzaKGdUdFFPaGLpc31MHp2R5qyGigZY6d77QrJmJXDquHOB7lOoGtSRqQWQLzRBBX3TmVxnKv/TTPKD8Q1SIMAW8co/0AcOlAYlQpzQGXnCYhFfCXa+bb2to51PLKkOTOFhH/q9Q43/RNHmPr50XkU/CmhYQtPW1aYqd9gWRiDtI/ynfUW4tTaIXV7snTELHGlspC4WKCyZ3UiU83AGZpFV2e7cQfago7NWKnPm7WKs9t smo@smo-mac",
            "tags": null
          },
          "private": "eyJzY2hlbWFfdmVyc2lvbiI6IjEifQ=="
        }
      ]
    },
    {
      "mode": "managed",
      "type": "aws_security_group",
      "name": "common",
      "provider": "provider.aws",
      "instances": [
        {
          "schema_version": 1,
          "attributes": {
            "arn": "arn:aws:ec2:us-east-1:218602648060:security-group/sg-0cb45ce5613387213",
            "description": "cluster common rules",
            "egress": [],
            "id": "sg-0cb45ce5613387213",
            "ingress": [],
            "name": "udagram-common",
            "name_prefix": null,
            "owner_id": "218602648060",
            "revoke_rules_on_delete": false,
            "tags": {
              "Cluster": "udagram",
              "kubernetes.io/cluster/udagram": "shared"
            },
            "timeouts": null,
            "vpc_id": "vpc-f7090d8d"
          },
          "private": "eyJlMmJmYjczMC1lY2FhLTExZTYtOGY4OC0zNDM2M2JjN2M0YzAiOnsiY3JlYXRlIjo2MDAwMDAwMDAwMDAsImRlbGV0ZSI6NjAwMDAwMDAwMDAwfSwic2NoZW1hX3ZlcnNpb24iOiIxIn0=",
          "dependencies": [
            "aws_default_vpc.default"
          ]
        }
      ]
    },
    {
      "mode": "managed",
      "type": "aws_security_group",
      "name": "elb",
      "provider": "provider.aws",
      "instances": [
        {
          "schema_version": 1,
          "attributes": {
            "arn": "arn:aws:ec2:us-east-1:218602648060:security-group/sg-0240f0e7b952a4d36",
            "description": "kube-api firewall",
            "egress": [
              {
                "cidr_blocks": [
                  "0.0.0.0/0"
                ],
                "description": "allow all outgoing traffic",
                "from_port": 0,
                "ipv6_cidr_blocks": [],
                "prefix_list_ids": [],
                "protocol": "-1",
                "security_groups": [],
                "self": false,
                "to_port": 0
              }
            ],
            "id": "sg-0240f0e7b952a4d36",
            "ingress": [
              {
                "cidr_blocks": [
                  "0.0.0.0/0"
                ],
                "description": "allow anyone to connect to tcp/6443",
                "from_port": 6443,
                "ipv6_cidr_blocks": [],
                "prefix_list_ids": [],
                "protocol": "tcp",
                "security_groups": [],
                "self": false,
                "to_port": 6443
              }
            ],
            "name": "udagram-api-lb",
            "name_prefix": null,
            "owner_id": "218602648060",
            "revoke_rules_on_delete": false,
            "tags": {
              "Cluster": "udagram"
            },
            "timeouts": null,
            "vpc_id": "vpc-f7090d8d"
          },
          "private": "eyJlMmJmYjczMC1lY2FhLTExZTYtOGY4OC0zNDM2M2JjN2M0YzAiOnsiY3JlYXRlIjo2MDAwMDAwMDAwMDAsImRlbGV0ZSI6NjAwMDAwMDAwMDAwfSwic2NoZW1hX3ZlcnNpb24iOiIxIn0=",
          "dependencies": [
            "aws_default_vpc.default"
          ]
        }
      ]
    },
    {
      "mode": "managed",
      "type": "aws_security_group",
      "name": "ssh",
      "provider": "provider.aws",
      "instances": [
        {
          "schema_version": 1,
          "attributes": {
            "arn": "arn:aws:ec2:us-east-1:218602648060:security-group/sg-0841f02f5db3cf9a7",
            "description": "ssh access",
            "egress": [],
            "id": "sg-0841f02f5db3cf9a7",
            "ingress": [
              {
                "cidr_blocks": [
                  "0.0.0.0/0"
                ],
                "description": "allow incomming SSH",
                "from_port": 22,
                "ipv6_cidr_blocks": [],
                "prefix_list_ids": [],
                "protocol": "tcp",
                "security_groups": [],
                "self": false,
                "to_port": 22
              }
            ],
            "name": "udagram-ssh",
            "name_prefix": null,
            "owner_id": "218602648060",
            "revoke_rules_on_delete": false,
            "tags": {
              "Cluster": "udagram"
            },
            "timeouts": null,
            "vpc_id": "vpc-f7090d8d"
          },
          "private": "eyJlMmJmYjczMC1lY2FhLTExZTYtOGY4OC0zNDM2M2JjN2M0YzAiOnsiY3JlYXRlIjo2MDAwMDAwMDAwMDAsImRlbGV0ZSI6NjAwMDAwMDAwMDAwfSwic2NoZW1hX3ZlcnNpb24iOiIxIn0=",
          "dependencies": [
            "aws_default_vpc.default"
          ]
        }
      ]
    },
    {
      "mode": "managed",
      "type": "aws_security_group_rule",
      "name": "egress_allow_all",
      "provider": "provider.aws",
      "instances": [
        {
          "schema_version": 2,
          "attributes": {
            "cidr_blocks": [
              "0.0.0.0/0"
            ],
            "description": "allow all outgoing traffic",
            "from_port": 0,
            "id": "sgrule-789405485",
            "ipv6_cidr_blocks": null,
            "prefix_list_ids": null,
            "protocol": "-1",
            "security_group_id": "sg-0cb45ce5613387213",
            "self": false,
            "source_security_group_id": null,
            "to_port": 0,
            "type": "egress"
          },
          "private": "eyJzY2hlbWFfdmVyc2lvbiI6IjIifQ==",
          "dependencies": [
            "aws_default_vpc.default",
            "aws_security_group.common"
          ]
        }
      ]
    },
    {
      "mode": "managed",
      "type": "aws_security_group_rule",
      "name": "ingress_self_allow_all",
      "provider": "provider.aws",
      "instances": [
        {
          "schema_version": 2,
          "attributes": {
            "cidr_blocks": null,
            "description": "allow all incomming traffic from members of this group",
            "from_port": 0,
            "id": "sgrule-3424718444",
            "ipv6_cidr_blocks": null,
            "prefix_list_ids": null,
            "protocol": "-1",
            "security_group_id": "sg-0cb45ce5613387213",
            "self": true,
            "source_security_group_id": null,
            "to_port": 0,
            "type": "ingress"
          },
          "private": "eyJzY2hlbWFfdmVyc2lvbiI6IjIifQ==",
          "dependencies": [
            "aws_default_vpc.default",
            "aws_security_group.common"
          ]
        }
      ]
    },
    {
      "mode": "managed",
      "type": "aws_security_group_rule",
      "name": "nodeports",
      "each": "list",
      "provider": "provider.aws",
      "instances": []
    },
    {
      "mode": "managed",
      "type": "aws_subnet",
      "name": "public",
      "each": "list",
      "provider": "provider.aws",
      "instances": [
        {
          "index_key": 0,
          "schema_version": 1,
          "attributes": {
            "arn": "arn:aws:ec2:us-east-1:218602648060:subnet/subnet-0b3ea70a754fabca7",
            "assign_ipv6_address_on_creation": false,
            "availability_zone": "us-east-1a",
            "availability_zone_id": "use1-az6",
            "cidr_block": "172.31.111.0/24",
            "id": "subnet-0b3ea70a754fabca7",
            "ipv6_cidr_block": "",
            "ipv6_cidr_block_association_id": "",
            "map_public_ip_on_launch": true,
            "owner_id": "218602648060",
            "tags": {
              "Cluster": "udagram",
              "Name": "udagram-us-east-1a",
              "kubernetes.io/cluster/udagram": "shared"
            },
            "timeouts": null,
            "vpc_id": "vpc-f7090d8d"
          },
          "private": "eyJlMmJmYjczMC1lY2FhLTExZTYtOGY4OC0zNDM2M2JjN2M0YzAiOnsiY3JlYXRlIjo2MDAwMDAwMDAwMDAsImRlbGV0ZSI6MTIwMDAwMDAwMDAwMH0sInNjaGVtYV92ZXJzaW9uIjoiMSJ9",
          "dependencies": [
            "aws_default_vpc.default",
            "random_integer.cidr_block"
          ]
        },
        {
          "index_key": 1,
          "schema_version": 1,
          "attributes": {
            "arn": "arn:aws:ec2:us-east-1:218602648060:subnet/subnet-034f15a9e4369d10c",
            "assign_ipv6_address_on_creation": false,
            "availability_zone": "us-east-1b",
            "availability_zone_id": "use1-az1",
            "cidr_block": "172.31.112.0/24",
            "id": "subnet-034f15a9e4369d10c",
            "ipv6_cidr_block": "",
            "ipv6_cidr_block_association_id": "",
            "map_public_ip_on_launch": true,
            "owner_id": "218602648060",
            "tags": {
              "Cluster": "udagram",
              "Name": "udagram-us-east-1b",
              "kubernetes.io/cluster/udagram": "shared"
            },
            "timeouts": null,
            "vpc_id": "vpc-f7090d8d"
          },
          "private": "eyJlMmJmYjczMC1lY2FhLTExZTYtOGY4OC0zNDM2M2JjN2M0YzAiOnsiY3JlYXRlIjo2MDAwMDAwMDAwMDAsImRlbGV0ZSI6MTIwMDAwMDAwMDAwMH0sInNjaGVtYV92ZXJzaW9uIjoiMSJ9",
          "dependencies": [
            "aws_default_vpc.default",
            "random_integer.cidr_block"
          ]
        },
        {
          "index_key": 2,
          "schema_version": 1,
          "attributes": {
            "arn": "arn:aws:ec2:us-east-1:218602648060:subnet/subnet-0756aa40deb0a89ab",
            "assign_ipv6_address_on_creation": false,
            "availability_zone": "us-east-1c",
            "availability_zone_id": "use1-az2",
            "cidr_block": "172.31.113.0/24",
            "id": "subnet-0756aa40deb0a89ab",
            "ipv6_cidr_block": "",
            "ipv6_cidr_block_association_id": "",
            "map_public_ip_on_launch": true,
            "owner_id": "218602648060",
            "tags": {
              "Cluster": "udagram",
              "Name": "udagram-us-east-1c",
              "kubernetes.io/cluster/udagram": "shared"
            },
            "timeouts": null,
            "vpc_id": "vpc-f7090d8d"
          },
          "private": "eyJlMmJmYjczMC1lY2FhLTExZTYtOGY4OC0zNDM2M2JjN2M0YzAiOnsiY3JlYXRlIjo2MDAwMDAwMDAwMDAsImRlbGV0ZSI6MTIwMDAwMDAwMDAwMH0sInNjaGVtYV92ZXJzaW9uIjoiMSJ9",
          "dependencies": [
            "aws_default_vpc.default",
            "random_integer.cidr_block"
          ]
        }
      ]
    },
    {
      "mode": "managed",
      "type": "random_integer",
      "name": "cidr_block",
      "provider": "provider.random",
      "instances": [
        {
          "schema_version": 0,
          "attributes": {
            "id": "111",
            "keepers": null,
            "max": 255,
            "min": 0,
            "result": 111,
            "seed": null
          },
          "private": "bnVsbA==",
          "dependencies": [
            "aws_default_vpc.default"
          ]
        }
      ]
    }
  ]
}
